
Microsoft Visual Studio Solution File, Format Version 12.00
# Visual Studio 15
VisualStudioVersion = 15.0.26228.4
MinimumVisualStudioVersion = 10.0.40219.1
Project("{FAE04EC0-301F-11D3-BF4B-00C04F79EFBC}") = "Palindrome.ConsoleRunner", "Palindrome.Runner\Palindrome.ConsoleRunner.csproj", "{C2EAEDBA-A29C-4161-B748-C8F5AC2F3833}"
EndProject
Project("{FAE04EC0-301F-11D3-BF4B-00C04F79EFBC}") = "Palindrome.Core", "Palindrome.Core\Palindrome.Core.csproj", "{ACD98590-422F-43A5-A972-222AED169D51}"
EndProject
Project("{2150E333-8FDC-42A3-9474-1A3956D46DE8}") = "Unit Tests", "Unit Tests", "{037023CA-39B8-4303-BA34-4A0D00FD87F6}"
EndProject
Project("{FAE04EC0-301F-11D3-BF4B-00C04F79EFBC}") = "Palindrome.ConsoleRunner.Tests", "Palindrome.ConsoleRunner.Tests\Palindrome.ConsoleRunner.Tests.csproj", "{A847053B-206E-4BD1-9694-9E1254574238}"
EndProject
Project("{FAE04EC0-301F-11D3-BF4B-00C04F79EFBC}") = "Palindrome.Core.Tests", "Palindrome.Core.Tests\Palindrome.Core.Tests.csproj", "{DD50C003-1F5E-4F69-8E75-2B79D8F26B4D}"
EndProject
Global
	GlobalSection(SolutionConfigurationPlatforms) = preSolution
		Debug|Any CPU = Debug|Any CPU
		Release|Any CPU = Release|Any CPU
	EndGlobalSection
	GlobalSection(ProjectConfigurationPlatforms) = postSolution
		{C2EAEDBA-A29C-4161-B748-C8F5AC2F3833}.Debug|Any CPU.ActiveCfg = Debug|Any CPU
		{C2EAEDBA-A29C-4161-B748-C8F5AC2F3833}.Debug|Any CPU.Build.0 = Debug|Any CPU
		{C2EAEDBA-A29C-4161-B748-C8F5AC2F3833}.Release|Any CPU.ActiveCfg = Release|Any CPU
		{C2EAEDBA-A29C-4161-B748-C8F5AC2F3833}.Release|Any CPU.Build.0 = Release|Any CPU
		{ACD98590-422F-43A5-A972-222AED169D51}.Debug|Any CPU.ActiveCfg = Debug|Any CPU
		{ACD98590-422F-43A5-A972-222AED169D51}.Debug|Any CPU.Build.0 = Debug|Any CPU
		{ACD98590-422F-43A5-A972-222AED169D51}.Release|Any CPU.ActiveCfg = Release|Any CPU
		{ACD98590-422F-43A5-A972-222AED169D51}.Release|Any CPU.Build.0 = Release|Any CPU
		{A847053B-206E-4BD1-9694-9E1254574238}.Debug|Any CPU.ActiveCfg = Debug|Any CPU
		{A847053B-206E-4BD1-9694-9E1254574238}.Debug|Any CPU.Build.0 = Debug|Any CPU
		{A847053B-206E-4BD1-9694-9E1254574238}.Release|Any CPU.ActiveCfg = Release|Any CPU
		{A847053B-206E-4BD1-9694-9E1254574238}.Release|Any CPU.Build.0 = Release|Any CPU
		{DD50C003-1F5E-4F69-8E75-2B79D8F26B4D}.Debug|Any CPU.ActiveCfg = Debug|Any CPU
		{DD50C003-1F5E-4F69-8E75-2B79D8F26B4D}.Debug|Any CPU.Build.0 = Debug|Any CPU
		{DD50C003-1F5E-4F69-8E75-2B79D8F26B4D}.Release|Any CPU.ActiveCfg = Release|Any CPU
		{DD50C003-1F5E-4F69-8E75-2B79D8F26B4D}.Release|Any CPU.Build.0 = Release|Any CPU
	EndGlobalSection
	GlobalSection(SolutionProperties) = preSolution
		HideSolutionNode = FALSE
	EndGlobalSection
	GlobalSection(NestedProjects) = preSolution
		{A847053B-206E-4BD1-9694-9E1254574238} = {037023CA-39B8-4303-BA34-4A0D00FD87F6}
		{DD50C003-1F5E-4F69-8E75-2B79D8F26B4D} = {037023CA-39B8-4303-BA34-4A0D00FD87F6}
	EndGlobalSection
EndGlobal
